// !$*UTF8*$!
{
	archiveVersion = 1;
	classes = {
	};
	objectVersion = 56;
	objects = {

/* Begin PBXBuildFile section */
		491AEBE82A3E4B440011DB80 /* WatchedMoviesView.swift in Sources */ = {isa = PBXBuildFile; fileRef = 491AEBE72A3E4B440011DB80 /* WatchedMoviesView.swift */; };
		491AEBEA2A3E4B5A0011DB80 /* MoviesToWatchView.swift in Sources */ = {isa = PBXBuildFile; fileRef = 491AEBE92A3E4B5A0011DB80 /* MoviesToWatchView.swift */; };
		496DF4D62A2D008600B25B93 /* ProfileChallangeApp.swift in Sources */ = {isa = PBXBuildFile; fileRef = 496DF4D52A2D008600B25B93 /* ProfileChallangeApp.swift */; };
		496DF4D82A2D008600B25B93 /* ContentView.swift in Sources */ = {isa = PBXBuildFile; fileRef = 496DF4D72A2D008600B25B93 /* ContentView.swift */; };
		496DF4DA2A2D008700B25B93 /* Assets.xcassets in Resources */ = {isa = PBXBuildFile; fileRef = 496DF4D92A2D008700B25B93 /* Assets.xcassets */; };
		496DF4DD2A2D008700B25B93 /* Preview Assets.xcassets in Resources */ = {isa = PBXBuildFile; fileRef = 496DF4DC2A2D008700B25B93 /* Preview Assets.xcassets */; };
/* End PBXBuildFile section */

/* Begin PBXFileReference section */
		491AEBE72A3E4B440011DB80 /* WatchedMoviesView.swift */ = {isa = PBXFileReference; lastKnownFileType = sourcecode.swift; path = WatchedMoviesView.swift; sourceTree = "<group>"; };
		491AEBE92A3E4B5A0011DB80 /* MoviesToWatchView.swift */ = {isa = PBXFileReference; lastKnownFileType = sourcecode.swift; path = MoviesToWatchView.swift; sourceTree = "<group>"; };
		496DF4D22A2D008600B25B93 /* ProfileChallange.app */ = {isa = PBXFileReference; explicitFileType = wrapper.application; includeInIndex = 0; path = ProfileChallange.app; sourceTree = BUILT_PRODUCTS_DIR; };
		496DF4D52A2D008600B25B93 /* ProfileChallangeApp.swift */ = {isa = PBXFileReference; lastKnownFileType = sourcecode.swift; path = ProfileChallangeApp.swift; sourceTree = "<group>"; };
		496DF4D72A2D008600B25B93 /* ContentView.swift */ = {isa = PBXFileReference; lastKnownFileType = sourcecode.swift; path = ContentView.swift; sourceTree = "<group>"; };
		496DF4D92A2D008700B25B93 /* Assets.xcassets */ = {isa = PBXFileReference; lastKnownFileType = folder.assetcatalog; path = Assets.xcassets; sourceTree = "<group>"; };
		496DF4DC2A2D008700B25B93 /* Preview Assets.xcassets */ = {isa = PBXFileReference; lastKnownFileType = folder.assetcatalog; path = "Preview Assets.xcassets"; sourceTree = "<group>"; };
/* End PBXFileReference section */

/* Begin PBXFrameworksBuildPhase section */
		496DF4CF2A2D008600B25B93 /* Frameworks */ = {
			isa = PBXFrameworksBuildPhase;
			buildActionMask = 2147483647;
			files = (
			);
			runOnlyForDeploymentPostprocessing = 0;
		};
/* End PBXFrameworksBuildPhase section */

/* Begin PBXGroup section */
		496DF4C92A2D008600B25B93 = {
			isa = PBXGroup;
			children = (
				496DF4D42A2D008600B25B93 /* ProfileChallange */,
				496DF4D32A2D008600B25B93 /* Products */,
			);
			sourceTree = "<group>";
		};
		496DF4D32A2D008600B25B93 /* Products */ = {
			isa = PBXGroup;
			children = (
				496DF4D22A2D008600B25B93 /* ProfileChallange.app */,
			);
			name = Products;
			sourceTree = "<group>";
		};
		496DF4D42A2D008600B25B93 /* ProfileChallange */ = {
			isa = PBXGroup;
			children = (
				491AEBE72A3E4B440011DB80 /* WatchedMoviesView.swift */,
				491AEBE92A3E4B5A0011DB80 /* MoviesToWatchView.swift */,
				496DF4D52A2D008600B25B93 /* ProfileChallangeApp.swift */,
				496DF4D72A2D008600B25B93 /* ContentView.swift */,
				496DF4D92A2D008700B25B93 /* Assets.xcassets */,
				496DF4DB2A2D008700B25B93 /* Preview Content */,
			);
			path = ProfileChallange;
			sourceTree = "<group>";
		};
		496DF4DB2A2D008700B25B93 /* Preview Content */ = {
			isa = PBXGroup;
			children = (
				496DF4DC2A2D008700B25B93 /* Preview Assets.xcassets */,
			);
			path = "Preview Content";
			sourceTree = "<group>";
		};
/* End PBXGroup section */

/* Begin PBXNativeTarget section */
		496DF4D12A2D008600B25B93 /* ProfileChallange */ = {
			isa = PBXNativeTarget;
			buildConfigurationList = 496DF4E02A2D008700B25B93 /* Build configuration list for PBXNativeTarget "ProfileChallange" */;
			buildPhases = (
				496DF4CE2A2D008600B25B93 /* Sources */,
				496DF4CF2A2D008600B25B93 /* Frameworks */,
				496DF4D02A2D008600B25B93 /* Resources */,
			);
			buildRules = (
			);
			dependencies = (
			);
			name = ProfileChallange;
			productName = ProfileChallange;
			productReference = 496DF4D22A2D008600B25B93 /* ProfileChallange.app */;
			productType = "com.apple.product-type.application";
		};
/* End PBXNativeTarget section */

/* Begin PBXProject section */
		496DF4CA2A2D008600B25B93 /* Project object */ = {
			isa = PBXProject;
			attributes = {
				BuildIndependentTargetsInParallel = 1;
				LastSwiftUpdateCheck = 1430;
				LastUpgradeCheck = 1430;
				TargetAttributes = {
					496DF4D12A2D008600B25B93 = {
						CreatedOnToolsVersion = 14.3;
					};
				};
			};
			buildConfigurationList = 496DF4CD2A2D008600B25B93 /* Build configuration list for PBXProject "ProfileChallange" */;
			compatibilityVersion = "Xcode 14.0";
			developmentRegion = en;
			hasScannedForEncodings = 0;
			knownRegions = (
				en,
				Base,
			);
			mainGroup = 496DF4C92A2D008600B25B93;
			productRefGroup = 496DF4D32A2D008600B25B93 /* Products */;
			projectDirPath = "";
			projectRoot = "";
			targets = (
				496DF4D12A2D008600B25B93 /* ProfileChallange */,
			);
		};
/* End PBXProject section */

/* Begin PBXResourcesBuildPhase section */
		496DF4D02A2D008600B25B93 /* Resources */ = {
			isa = PBXResourcesBuildPhase;
			buildActionMask = 2147483647;
			files = (
				496DF4DD2A2D008700B25B93 /* Preview Assets.xcassets in Resources */,
				496DF4DA2A2D008700B25B93 /* Assets.xcassets in Resources */,
			);
			runOnlyForDeploymentPostprocessing = 0;
		};
/* End PBXResourcesBuildPhase section */

/* Begin PBXSourcesBuildPhase section */
		496DF4CE2A2D008600B25B93 /* Sources */ = {
			isa = PBXSourcesBuildPhase;
			buildActionMask = 2147483647;
			files = (
				496DF4D82A2D008600B25B93 /* ContentView.swift in Sources */,
				496DF4D62A2D008600B25B93 /* ProfileChallangeApp.swift in Sources */,
				491AEBEA2A3E4B5A0011DB80 /* MoviesToWatchView.swift in Sources */,
				491AEBE82A3E4B440011DB80 /* WatchedMoviesView.swift in Sources */,
			);
			runOnlyForDeploymentPostprocessing = 0;
		};
/* End PBXSourcesBuildPhase section */

/* Begin XCBuildConfiguration section */
		496DF4DE2A2D008700B25B93 /* Debug */ = {
			isa = XCBuildConfiguration;
			buildSettings = {
				ALWAYS_SEARCH_USER_PATHS = NO;
				CLANG_ANALYZER_NONNULL = YES;
				CLANG_ANALYZER_NUMBER_OBJECT_CONVERSION = YES_AGGRESSIVE;
				CLANG_CXX_LANGUAGE_STANDARD = "gnu++20";
				CLANG_ENABLE_MODULES = YES;
				CLANG_ENABLE_OBJC_ARC = YES;
				CLANG_ENABLE_OBJC_WEAK = YES;
				CLANG_WARN_BLOCK_CAPTURE_AUTORELEASING = YES;
				CLANG_WARN_BOOL_CONVERSION = YES;
				CLANG_WARN_COMMA = YES;
				CLANG_WARN_CONSTANT_CONVERSION = YES;
				CLANG_WARN_DEPRECATED_OBJC_IMPLEMENTATIONS = YES;
				CLANG_WARN_DIRECT_OBJC_ISA_USAGE = YES_ERROR;
				CLANG_WARN_DOCUMENTATION_COMMENTS = YES;
				CLANG_WARN_EMPTY_BODY = YES;
				CLANG_WARN_ENUM_CONVERSION = YES;
				CLANG_WARN_INFINITE_RECURSION = YES;
				CLANG_WARN_INT_CONVERSION = YES;
				CLANG_WARN_NON_LITERAL_NULL_CONVERSION = YES;
				CLANG_WARN_OBJC_IMPLICIT_RETAIN_SELF = YES;
				CLANG_WARN_OBJC_LITERAL_CONVERSION = YES;
				CLANG_WARN_OBJC_ROOT_CLASS = YES_ERROR;
				CLANG_WARN_QUOTED_INCLUDE_IN_FRAMEWORK_HEADER = YES;
				CLANG_WARN_RANGE_LOOP_ANALYSIS = YES;
				CLANG_WARN_STRICT_PROTOTYPES = YES;
				CLANG_WARN_SUSPICIOUS_MOVE = YES;
				CLANG_WARN_UNGUARDED_AVAILABILITY = YES_AGGRESSIVE;
				CLANG_WARN_UNREACHABLE_CODE = YES;
				CLANG_WARN__DUPLICATE_METHOD_MATCH = YES;
				COPY_PHASE_STRIP = NO;
				DEBUG_INFORMATION_FORMAT = dwarf;
				ENABLE_STRICT_OBJC_MSGSEND = YES;
				ENABLE_TESTABILITY = YES;
				GCC_C_LANGUAGE_STANDARD = gnu11;
				GCC_DYNAMIC_NO_PIC = NO;
				GCC_NO_COMMON_BLOCKS = YES;
				GCC_OPTIMIZATION_LEVEL = 0;
				GCC_PREPROCESSOR_DEFINITIONS = (
					"DEBUG=1",
					"$(inherited)",
				);
				GCC_WARN_64_TO_32_BIT_CONVERSION = YES;
				GCC_WARN_ABOUT_RETURN_TYPE = YES_ERROR;
				GCC_WARN_UNDECLARED_SELECTOR = YES;
				GCC_WARN_UNINITIALIZED_AUTOS = YES_AGGRESSIVE;
				GCC_WARN_UNUSED_FUNCTION = YES;
				GCC_WARN_UNUSED_VARIABLE = YES;
				IPHONEOS_DEPLOYMENT_TARGET = 16.4;
				MTL_ENABLE_DEBUG_INFO = INCLUDE_SOURCE;
				MTL_FAST_MATH = YES;
				ONLY_ACTIVE_ARCH = YES;
				SDKROOT = iphoneos;
				SWIFT_ACTIVE_COMPILATION_CONDITIONS = DEBUG;
				SWIFT_OPTIMIZATION_LEVEL = "-Onone";
			};
			name = Debug;
		};
		496DF4DF2A2D008700B25B93 /* Release */ = {
			isa = XCBuildConfiguration;
			buildSettings = {
				ALWAYS_SEARCH_USER_PATHS = NO;
				CLANG_ANALYZER_NONNULL = YES;
				CLANG_ANALYZER_NUMBER_OBJECT_CONVERSION = YES_AGGRESSIVE;
				CLANG_CXX_LANGUAGE_STANDARD = "gnu++20";
				CLANG_ENABLE_MODULES = YES;
				CLANG_ENABLE_OBJC_ARC = YES;
				CLANG_ENABLE_OBJC_WEAK = YES;
				CLANG_WARN_BLOCK_CAPTURE_AUTORELEASING = YES;
				CLANG_WARN_BOOL_CONVERSION = YES;
				CLANG_WARN_COMMA = YES;
				CLANG_WARN_CONSTANT_CONVERSION = YES;
				CLANG_WARN_DEPRECATED_OBJC_IMPLEMENTATIONS = YES;
				CLANG_WARN_DIRECT_OBJC_ISA_USAGE = YES_ERROR;
				CLANG_WARN_DOCUMENTATION_COMMENTS = YES;
				CLANG_WARN_EMPTY_BODY = YES;
				CLANG_WARN_ENUM_CONVERSION = YES;
				CLANG_WARN_INFINITE_RECURSION = YES;
				CLANG_WARN_INT_CONVERSION = YES;
				CLANG_WARN_NON_LITERAL_NULL_CONVERSION = YES;
				CLANG_WARN_OBJC_IMPLICIT_RETAIN_SELF = YES;
				CLANG_WARN_OBJC_LITERAL_CONVERSION = YES;
				CLANG_WARN_OBJC_ROOT_CLASS = YES_ERROR;
				CLANG_WARN_QUOTED_INCLUDE_IN_FRAMEWORK_HEADER = YES;
				CLANG_WARN_RANGE_LOOP_ANALYSIS = YES;
				CLANG_WARN_STRICT_PROTOTYPES = YES;
				CLANG_WARN_SUSPICIOUS_MOVE = YES;
				CLANG_WARN_UNGUARDED_AVAILABILITY = YES_AGGRESSIVE;
				CLANG_WARN_UNREACHABLE_CODE = YES;
				CLANG_WARN__DUPLICATE_METHOD_MATCH = YES;
				COPY_PHASE_STRIP = NO;
				DEBUG_INFORMATION_FORMAT = "dwarf-with-dsym";
				ENABLE_NS_ASSERTIONS = NO;
				ENABLE_STRICT_OBJC_MSGSEND = YES;
				GCC_C_LANGUAGE_STANDARD = gnu11;
				GCC_NO_COMMON_BLOCKS = YES;
				GCC_WARN_64_TO_32_BIT_CONVERSION = YES;
				GCC_WARN_ABOUT_RETURN_TYPE = YES_ERROR;
				GCC_WARN_UNDECLARED_SELECTOR = YES;
				GCC_WARN_UNINITIALIZED_AUTOS = YES_AGGRESSIVE;
				GCC_WARN_UNUSED_FUNCTION = YES;
				GCC_WARN_UNUSED_VARIABLE = YES;
				IPHONEOS_DEPLOYMENT_TARGET = 16.4;
				MTL_ENABLE_DEBUG_INFO = NO;
				MTL_FAST_MATH = YES;
				SDKROOT = iphoneos;
				SWIFT_COMPILATION_MODE = wholemodule;
				SWIFT_OPTIMIZATION_LEVEL = "-O";
				VALIDATE_PRODUCT = YES;
			};
			name = Release;
		};
		496DF4E12A2D008700B25B93 /* Debug */ = {
			isa = XCBuildConfiguration;
			buildSettings = {
				ASSETCATALOG_COMPILER_APPICON_NAME = AppIcon;
				ASSETCATALOG_COMPILER_GLOBAL_ACCENT_COLOR_NAME = AccentColor;
				CODE_SIGN_STYLE = Automatic;
				CURRENT_PROJECT_VERSION = 1;
				DEVELOPMENT_ASSET_PATHS = "\"ProfileChallange/Preview Content\"";
				DEVELOPMENT_TEAM = T9L4G34475;
				ENABLE_PREVIEWS = YES;
				GENERATE_INFOPLIST_FILE = YES;
				INFOPLIST_KEY_UIApplicationSceneManifest_Generation = YES;
				INFOPLIST_KEY_UIApplicationSupportsIndirectInputEvents = YES;
				INFOPLIST_KEY_UILaunchScreen_Generation = YES;
				INFOPLIST_KEY_UISupportedInterfaceOrientations_iPad = "UIInterfaceOrientationPortrait UIInterfaceOrientationPortraitUpsideDown UIInterfaceOrientationLandscapeLeft UIInterfaceOrientationLandscapeRight";
				INFOPLIST_KEY_UISupportedInterfaceOrientations_iPhone = "UIInterfaceOrientationPortrait UIInterfaceOrientationLandscapeLeft UIInterfaceOrientationLandscapeRight";
				LD_RUNPATH_SEARCH_PATHS = (
					"$(inherited)",
					"@executable_path/Frameworks",
				);
				MARKETING_VERSION = 1.0;
				PRODUCT_BUNDLE_IDENTIFIER = io.cisinojr.ProfileChallange;
				PRODUCT_NAME = "$(TARGET_NAME)";
				SWIFT_EMIT_LOC_STRINGS = YES;
				SWIFT_VERSION = 5.0;
				TARGETED_DEVICE_FAMILY = "1,2";
			};
			name = Debug;
		};
		496DF4E22A2D008700B25B93 /* Release */ = {
			isa = XCBuildConfiguration;
			buildSettings = {
				ASSETCATALOG_COMPILER_APPICON_NAME = AppIcon;
				ASSETCATALOG_COMPILER_GLOBAL_ACCENT_COLOR_NAME = AccentColor;
				CODE_SIGN_STYLE = Automatic;
				CURRENT_PROJECT_VERSION = 1;
				DEVELOPMENT_ASSET_PATHS = "\"ProfileChallange/Preview Content\"";
				DEVELOPMENT_TEAM = T9L4G34475;
				ENABLE_PREVIEWS = YES;
				GENERATE_INFOPLIST_FILE = YES;
				INFOPLIST_KEY_UIApplicationSceneManifest_Generation = YES;
				INFOPLIST_KEY_UIApplicationSupportsIndirectInputEvents = YES;
				INFOPLIST_KEY_UILaunchScreen_Generation = YES;
				INFOPLIST_KEY_UISupportedInterfaceOrientations_iPad = "UIInterfaceOrientationPortrait UIInterfaceOrientationPortraitUpsideDown UIInterfaceOrientationLandscapeLeft UIInterfaceOrientationLandscapeRight";
				INFOPLIST_KEY_UISupportedInterfaceOrientations_iPhone = "UIInterfaceOrientationPortrait UIInterfaceOrientationLandscapeLeft UIInterfaceOrientationLandscapeRight";
				LD_RUNPATH_SEARCH_PATHS = (
					"$(inherited)",
					"@executable_path/Frameworks",
				);
				MARKETING_VERSION = 1.0;
				PRODUCT_BUNDLE_IDENTIFIER = io.cisinojr.ProfileChallange;
				PRODUCT_NAME = "$(TARGET_NAME)";
				SWIFT_EMIT_LOC_STRINGS = YES;
				SWIFT_VERSION = 5.0;
				TARGETED_DEVICE_FAMILY = "1,2";
			};
			name = Release;
		};
/* End XCBuildConfiguration section */

/* Begin XCConfigurationList section */
		496DF4CD2A2D008600B25B93 /* Build configuration list for PBXProject "ProfileChallange" */ = {
			isa = XCConfigurationList;
			buildConfigurations = (
				496DF4DE2A2D008700B25B93 /* Debug */,
				496DF4DF2A2D008700B25B93 /* Release */,
			);
			defaultConfigurationIsVisible = 0;
			defaultConfigurationName = Release;
		};
		496DF4E02A2D008700B25B93 /* Build configuration list for PBXNativeTarget "ProfileChallange" */ = {
			isa = XCConfigurationList;
			buildConfigurations = (
				496DF4E12A2D008700B25B93 /* Debug */,
				496DF4E22A2D008700B25B93 /* Release */,
			);
			defaultConfigurationIsVisible = 0;
			defaultConfigurationName = Release;
		};
/* End XCConfigurationList section */
	};
	rootObject = 496DF4CA2A2D008600B25B93 /* Project object */;
}
